{
  "name": "image-optimizer",
  "lockfileVersion": 3,
  "requires": true,
  "packages": {
    "": {
      "name": "image-optimizer",
      "dependencies": {
        "@hono/valibot-validator": "^0.5.3",
        "hono": "^4.9.10",
        "image-size": "^2.0.2",
        "valibot": "^1.1.0",
        "wasm-image-optimization": "^1.2.30"
      },
      "devDependencies": {
        "wrangler": "^4.4.0"
      }
    },
    "../../node_modules/.pnpm/@hono+valibot-validator@0.5.3_hono@4.9.10_valibot@1.1.0_typescript@5.9.2_/node_modules/@hono/valibot-validator": {
      "version": "0.5.3",
      "license": "MIT",
      "devDependencies": {
        "@arethetypeswrong/cli": "^0.17.4",
        "hono": "^4.8.4",
        "publint": "^0.3.9",
        "tsup": "^8.4.0",
        "typescript": "^5.8.2",
        "valibot": "^1.0.0",
        "vitest": "^3.2.4"
      },
      "peerDependencies": {
        "hono": ">=3.9.0",
        "valibot": "^1.0.0 || ^1.0.0-beta.4 || ^1.0.0-rc"
      }
    },
    "../../node_modules/.pnpm/hono@4.9.10/node_modules/hono": {
      "version": "4.9.10",
      "license": "MIT",
      "devDependencies": {
        "@hono/eslint-config": "^2.0.3",
        "@hono/node-server": "^1.13.5",
        "@types/glob": "^9.0.0",
        "@types/jsdom": "^21.1.7",
        "@types/node": "^24.3.0",
        "@typescript/native-preview": "7.0.0-dev.20250523.1",
        "@vitest/coverage-v8": "^3.2.4",
        "arg": "^5.0.2",
        "bun-types": "^1.2.20",
        "editorconfig-checker": "^6.1.0",
        "esbuild": "^0.15.18",
        "eslint": "^9.10.0",
        "glob": "^11.0.0",
        "jsdom": "22.1.0",
        "msw": "^2.6.0",
        "np": "10.2.0",
        "pkg-pr-new": "^0.0.53",
        "prettier": "^2.6.2",
        "publint": "^0.1.16",
        "typescript": "^5.9.2",
        "undici": "^6.21.3",
        "vite-plugin-fastly-js-compute": "^0.4.2",
        "vitest": "^3.2.4",
        "wrangler": "4.12.0",
        "ws": "^8.18.0",
        "zod": "^3.23.8"
      },
      "engines": {
        "node": ">=16.9.0"
      }
    },
    "../../node_modules/.pnpm/valibot@1.1.0_typescript@5.9.2/node_modules/valibot": {
      "version": "1.1.0",
      "license": "MIT",
      "devDependencies": {
        "@eslint/js": "^9.21.0",
        "@vitest/coverage-v8": "^3.0.7",
        "eslint": "^9.21.0",
        "eslint-plugin-import": "^2.31.0",
        "eslint-plugin-jsdoc": "^50.6.3",
        "eslint-plugin-redos-detector": "^3.1.1",
        "eslint-plugin-regexp": "^2.7.0",
        "eslint-plugin-security": "^3.0.1",
        "jsdom": "^26.0.0",
        "tsm": "^2.3.0",
        "tsup": "^8.4.0",
        "typescript": "^5.7.3",
        "typescript-eslint": "^8.25.0",
        "vite": "^6.2.0",
        "vitest": "3.0.7"
      },
      "peerDependencies": {
        "typescript": ">=5"
      },
      "peerDependenciesMeta": {
        "typescript": {
          "optional": true
        }
      }
    },
    "../../node_modules/.pnpm/wasm-image-optimization@1.2.30/node_modules/wasm-image-optimization": {
      "version": "1.2.30",
      "license": "MIT",
      "dependencies": {
        "worker-lib": "2.0.7"
      },
      "devDependencies": {
        "@eslint/js": "9.26.0",
        "@types/node": "22.15.3",
        "@typescript-eslint/eslint-plugin": "^8.31.1",
        "@typescript-eslint/parser": "^8.31.1",
        "cpy-cli": "^5.0.0",
        "esbuild": "0.25.3",
        "eslint": "9.26.0",
        "eslint-config-prettier": "^10.1.2",
        "eslint-import-resolver-typescript": "^4.3.4",
        "eslint-plugin-import": "^2.31.0",
        "prettier": "^3.5.3",
        "ts-node": "^10.9.2",
        "tsx": "4.19.4",
        "typescript": "^5.8.3",
        "typescript-eslint": "^8.31.1",
        "vite": "6.3.4"
      }
    },
    "../../node_modules/.pnpm/wrangler@4.33.1_@cloudflare+workers-types@4.20251004.0/node_modules/wrangler": {
      "version": "4.33.1",
      "dev": true,
      "license": "MIT OR Apache-2.0",
      "dependencies": {
        "@cloudflare/kv-asset-handler": "0.4.0",
        "@cloudflare/unenv-preset": "2.7.0",
        "blake3-wasm": "2.1.5",
        "esbuild": "0.25.4",
        "miniflare": "4.20250823.1",
        "path-to-regexp": "6.3.0",
        "unenv": "2.0.0-rc.19",
        "workerd": "1.20250823.0"
      },
      "bin": {
        "wrangler": "bin/wrangler.js",
        "wrangler2": "bin/wrangler.js"
      },
      "devDependencies": {
        "@aws-sdk/client-s3": "^3.721.0",
        "@cloudflare/cli": "1.1.1",
        "@cloudflare/containers-shared": "0.2.10",
        "@cloudflare/eslint-config-worker": "1.1.0",
        "@cloudflare/jsrpc": "link:../../vendor/jsrpc",
        "@cloudflare/pages-shared": "^0.13.66",
        "@cloudflare/types": "6.18.4",
        "@cloudflare/workers-shared": "0.18.7",
        "@cloudflare/workers-tsconfig": "0.0.0",
        "@cloudflare/workers-types": "^4.20250823.0",
        "@cspotcode/source-map-support": "0.8.1",
        "@iarna/toml": "^3.0.0",
        "@sentry/node": "^7.86.0",
        "@sentry/types": "^7.86.0",
        "@sentry/utils": "^7.86.0",
        "@types/command-exists": "^1.2.0",
        "@types/glob-to-regexp": "^0.4.1",
        "@types/is-ci": "^3.0.0",
        "@types/javascript-time-ago": "^2.0.3",
        "@types/mime": "^3.0.4",
        "@types/minimatch": "^5.1.2",
        "@types/node": "^20.19.9",
        "@types/node-forge": "^1.3.11",
        "@types/prompts": "^2.0.14",
        "@types/resolve": "^1.20.6",
        "@types/shell-quote": "^1.7.2",
        "@types/signal-exit": "^3.0.1",
        "@types/supports-color": "^8.1.1",
        "@types/ws": "^8.5.7",
        "@types/yargs": "^17.0.22",
        "@vitest/ui": "~3.2.0",
        "@webcontainer/env": "^1.1.0",
        "chalk": "^5.2.0",
        "chokidar": "^4.0.1",
        "cli-table3": "^0.6.3",
        "cmd-shim": "^4.1.0",
        "command-exists": "^1.2.9",
        "concurrently": "^8.2.2",
        "date-fns": "^4.1.0",
        "devtools-protocol": "^0.0.1182435",
        "dotenv": "^16.3.1",
        "dotenv-expand": "^12.0.2",
        "execa": "^6.1.0",
        "find-up": "^6.3.0",
        "get-port": "^7.0.0",
        "glob-to-regexp": "^0.4.1",
        "https-proxy-agent": "7.0.2",
        "is-ci": "^3.0.1",
        "itty-time": "^1.0.6",
        "javascript-time-ago": "^2.5.4",
        "md5-file": "5.0.0",
        "mime": "^3.0.0",
        "minimatch": "^5.1.0",
        "mock-socket": "^9.3.1",
        "msw": "2.4.3",
        "node-forge": "^1.3.1",
        "open": "^8.4.0",
        "p-queue": "^7.2.0",
        "patch-console": "^1.0.0",
        "pretty-bytes": "^6.0.0",
        "prompts": "^2.4.2",
        "resolve": "^1.22.8",
        "rimraf": "^6.0.1",
        "selfsigned": "^2.0.1",
        "semiver": "^1.1.0",
        "shell-quote": "^1.8.1",
        "signal-exit": "^3.0.7",
        "source-map": "^0.6.1",
        "strip-ansi": "^7.1.0",
        "supports-color": "^9.2.2",
        "timeago.js": "^4.0.2",
        "ts-dedent": "^2.2.0",
        "ts-json-schema-generator": "^1.5.0",
        "tsup": "8.3.0",
        "typescript": "^5.8.3",
        "undici": "^7.10.0",
        "update-check": "^1.5.4",
        "vitest": "~3.2.0",
        "vitest-websocket-mock": "^0.4.0",
        "ws": "8.18.0",
        "xdg-app-paths": "^8.3.0",
        "xxhash-wasm": "^1.0.1",
        "yargs": "^17.7.2"
      },
      "engines": {
        "node": ">=18.0.0"
      },
      "optionalDependencies": {
        "fsevents": "~2.3.2"
      },
      "peerDependencies": {
        "@cloudflare/workers-types": "^4.20250823.0"
      },
      "peerDependenciesMeta": {
        "@cloudflare/workers-types": {
          "optional": true
        }
      }
    },
    "node_modules/@hono/valibot-validator": {
      "resolved": "../../node_modules/.pnpm/@hono+valibot-validator@0.5.3_hono@4.9.10_valibot@1.1.0_typescript@5.9.2_/node_modules/@hono/valibot-validator",
      "link": true
    },
    "node_modules/hono": {
      "resolved": "../../node_modules/.pnpm/hono@4.9.10/node_modules/hono",
      "link": true
    },
    "node_modules/image-size": {
      "version": "2.0.2",
      "resolved": "https://registry.npmjs.org/image-size/-/image-size-2.0.2.tgz",
      "integrity": "sha512-IRqXKlaXwgSMAMtpNzZa1ZAe8m+Sa1770Dhk8VkSsP9LS+iHD62Zd8FQKs8fbPiagBE7BzoFX23cxFnwshpV6w==",
      "license": "MIT",
      "bin": {
        "image-size": "bin/image-size.js"
      },
      "engines": {
        "node": ">=16.x"
      }
    },
    "node_modules/valibot": {
      "resolved": "../../node_modules/.pnpm/valibot@1.1.0_typescript@5.9.2/node_modules/valibot",
      "link": true
    },
    "node_modules/wasm-image-optimization": {
      "resolved": "../../node_modules/.pnpm/wasm-image-optimization@1.2.30/node_modules/wasm-image-optimization",
      "link": true
    },
    "node_modules/wrangler": {
      "resolved": "../../node_modules/.pnpm/wrangler@4.33.1_@cloudflare+workers-types@4.20251004.0/node_modules/wrangler",
      "link": true
    }
  }
}
